
Microsoft Visual Studio Solution File, Format Version 12.00
# Visual Studio 15
VisualStudioVersion = 15.0.27703.2026
MinimumVisualStudioVersion = 10.0.40219.1
Project("{FAE04EC0-301F-11D3-BF4B-00C04F79EFBC}") = "IREngine", "IREngine\IREngine.csproj", "{A230751F-5ED9-4256-9ABF-21229EE4C43D}"
EndProject
Global
	GlobalSection(SolutionConfigurationPlatforms) = preSolution
		Debug|Any CPU = Debug|Any CPU
		Release|Any CPU = Release|Any CPU
	EndGlobalSection
	GlobalSection(ProjectConfigurationPlatforms) = postSolution
		{A230751F-5ED9-4256-9ABF-21229EE4C43D}.Debug|Any CPU.ActiveCfg = Debug|Any CPU
		{A230751F-5ED9-4256-9ABF-21229EE4C43D}.Debug|Any CPU.Build.0 = Debug|Any CPU
		{A230751F-5ED9-4256-9ABF-21229EE4C43D}.Release|Any CPU.ActiveCfg = Release|Any CPU
		{A230751F-5ED9-4256-9ABF-21229EE4C43D}.Release|Any CPU.Build.0 = Release|Any CPU
	EndGlobalSection
	GlobalSection(SolutionProperties) = preSolution
		HideSolutionNode = FALSE
	EndGlobalSection
	GlobalSection(ExtensibilityGlobals) = postSolution
		SolutionGuid = {6272DA61-42FD-4D7B-926E-E9AAE48D3381}
	EndGlobalSection
EndGlobal
